// !$*UTF8*$!
{
	archiveVersion = 1;
	classes = {
	};
	objectVersion = 77;
	objects = {

/* Begin PBXBuildFile section */
		6D2665AC2E753DF800955E42 /* DataModels.swift in Sources */ = {isa = PBXBuildFile; fileRef = 6D2665AB2E753DF800955E42 /* DataModels.swift */; };
		6D2665AF2E7544A000955E42 /* TimetableView.swift in Sources */ = {isa = PBXBuildFile; fileRef = 6D2665AE2E7544A000955E42 /* TimetableView.swift */; };
		6D2665B12E7544D300955E42 /* ClassItemView.swift in Sources */ = {isa = PBXBuildFile; fileRef = 6D2665B02E7544D300955E42 /* ClassItemView.swift */; };
		6D2665B32E7544DD00955E42 /* AddClassView.swift in Sources */ = {isa = PBXBuildFile; fileRef = 6D2665B22E7544DD00955E42 /* AddClassView.swift */; };
		6D2665B52E7556D400955E42 /* HomeView.swift in Sources */ = {isa = PBXBuildFile; fileRef = 6D2665B42E7556D400955E42 /* HomeView.swift */; };
		6D2665B72E75D52600955E42 /* ClassDataManager.swift in Sources */ = {isa = PBXBuildFile; fileRef = 6D2665B62E75D52600955E42 /* ClassDataManager.swift */; };
/* End PBXBuildFile section */

/* Begin PBXContainerItemProxy section */
		6D26658F2E75383700955E42 /* PBXContainerItemProxy */ = {
			isa = PBXContainerItemProxy;
			containerPortal = 6D2665792E75383600955E42 /* Project object */;
			proxyType = 1;
			remoteGlobalIDString = 6D2665802E75383600955E42;
			remoteInfo = eduTable;
		};
		6D2665992E75383700955E42 /* PBXContainerItemProxy */ = {
			isa = PBXContainerItemProxy;
			containerPortal = 6D2665792E75383600955E42 /* Project object */;
			proxyType = 1;
			remoteGlobalIDString = 6D2665802E75383600955E42;
			remoteInfo = eduTable;
		};
/* End PBXContainerItemProxy section */

/* Begin PBXFileReference section */
		6D2665812E75383600955E42 /* eduTable.app */ = {isa = PBXFileReference; explicitFileType = wrapper.application; includeInIndex = 0; path = eduTable.app; sourceTree = BUILT_PRODUCTS_DIR; };
		6D26658E2E75383700955E42 /* eduTableTests.xctest */ = {isa = PBXFileReference; explicitFileType = wrapper.cfbundle; includeInIndex = 0; path = eduTableTests.xctest; sourceTree = BUILT_PRODUCTS_DIR; };
		6D2665982E75383700955E42 /* eduTableUITests.xctest */ = {isa = PBXFileReference; explicitFileType = wrapper.cfbundle; includeInIndex = 0; path = eduTableUITests.xctest; sourceTree = BUILT_PRODUCTS_DIR; };
		6D2665AB2E753DF800955E42 /* DataModels.swift */ = {isa = PBXFileReference; lastKnownFileType = sourcecode.swift; path = DataModels.swift; sourceTree = "<group>"; };
		6D2665AE2E7544A000955E42 /* TimetableView.swift */ = {isa = PBXFileReference; lastKnownFileType = sourcecode.swift; path = TimetableView.swift; sourceTree = "<group>"; };
		6D2665B02E7544D300955E42 /* ClassItemView.swift */ = {isa = PBXFileReference; lastKnownFileType = sourcecode.swift; path = ClassItemView.swift; sourceTree = "<group>"; };
		6D2665B22E7544DD00955E42 /* AddClassView.swift */ = {isa = PBXFileReference; lastKnownFileType = sourcecode.swift; path = AddClassView.swift; sourceTree = "<group>"; };
		6D2665B42E7556D400955E42 /* HomeView.swift */ = {isa = PBXFileReference; lastKnownFileType = sourcecode.swift; path = HomeView.swift; sourceTree = "<group>"; };
		6D2665B62E75D52600955E42 /* ClassDataManager.swift */ = {isa = PBXFileReference; lastKnownFileType = sourcecode.swift; path = ClassDataManager.swift; sourceTree = "<group>"; };
/* End PBXFileReference section */

/* Begin PBXFileSystemSynchronizedRootGroup section */
		6D2665832E75383600955E42 /* eduTable */ = {
			isa = PBXFileSystemSynchronizedRootGroup;
			path = eduTable;
			sourceTree = "<group>";
		};
		6D2665912E75383700955E42 /* eduTableTests */ = {
			isa = PBXFileSystemSynchronizedRootGroup;
			path = eduTableTests;
			sourceTree = "<group>";
		};
		6D26659B2E75383700955E42 /* eduTableUITests */ = {
			isa = PBXFileSystemSynchronizedRootGroup;
			path = eduTableUITests;
			sourceTree = "<group>";
		};
/* End PBXFileSystemSynchronizedRootGroup section */

/* Begin PBXFrameworksBuildPhase section */
		6D26657E2E75383600955E42 /* Frameworks */ = {
			isa = PBXFrameworksBuildPhase;
			buildActionMask = 2147483647;
			files = (
			);
			runOnlyForDeploymentPostprocessing = 0;
		};
		6D26658B2E75383700955E42 /* Frameworks */ = {
			isa = PBXFrameworksBuildPhase;
			buildActionMask = 2147483647;
			files = (
			);
			runOnlyForDeploymentPostprocessing = 0;
		};
		6D2665952E75383700955E42 /* Frameworks */ = {
			isa = PBXFrameworksBuildPhase;
			buildActionMask = 2147483647;
			files = (
			);
			runOnlyForDeploymentPostprocessing = 0;
		};
/* End PBXFrameworksBuildPhase section */

/* Begin PBXGroup section */
		6D2665782E75383600955E42 = {
			isa = PBXGroup;
			children = (
				6D2665B62E75D52600955E42 /* ClassDataManager.swift */,
				6D2665B42E7556D400955E42 /* HomeView.swift */,
				6D2665B22E7544DD00955E42 /* AddClassView.swift */,
				6D2665B02E7544D300955E42 /* ClassItemView.swift */,
				6D2665AE2E7544A000955E42 /* TimetableView.swift */,
				6D2665AB2E753DF800955E42 /* DataModels.swift */,
				6D2665832E75383600955E42 /* eduTable */,
				6D2665912E75383700955E42 /* eduTableTests */,
				6D26659B2E75383700955E42 /* eduTableUITests */,
				6D2665822E75383600955E42 /* Products */,
			);
			sourceTree = "<group>";
		};
		6D2665822E75383600955E42 /* Products */ = {
			isa = PBXGroup;
			children = (
				6D2665812E75383600955E42 /* eduTable.app */,
				6D26658E2E75383700955E42 /* eduTableTests.xctest */,
				6D2665982E75383700955E42 /* eduTableUITests.xctest */,
			);
			name = Products;
			sourceTree = "<group>";
		};
/* End PBXGroup section */

/* Begin PBXNativeTarget section */
		6D2665802E75383600955E42 /* eduTable */ = {
			isa = PBXNativeTarget;
			buildConfigurationList = 6D2665A22E75383700955E42 /* Build configuration list for PBXNativeTarget "eduTable" */;
			buildPhases = (
				6D26657D2E75383600955E42 /* Sources */,
				6D26657E2E75383600955E42 /* Frameworks */,
				6D26657F2E75383600955E42 /* Resources */,
			);
			buildRules = (
			);
			dependencies = (
			);
			fileSystemSynchronizedGroups = (
				6D2665832E75383600955E42 /* eduTable */,
			);
			name = eduTable;
			packageProductDependencies = (
			);
			productName = eduTable;
			productReference = 6D2665812E75383600955E42 /* eduTable.app */;
			productType = "com.apple.product-type.application";
		};
		6D26658D2E75383700955E42 /* eduTableTests */ = {
			isa = PBXNativeTarget;
			buildConfigurationList = 6D2665A52E75383700955E42 /* Build configuration list for PBXNativeTarget "eduTableTests" */;
			buildPhases = (
				6D26658A2E75383700955E42 /* Sources */,
				6D26658B2E75383700955E42 /* Frameworks */,
				6D26658C2E75383700955E42 /* Resources */,
			);
			buildRules = (
			);
			dependencies = (
				6D2665902E75383700955E42 /* PBXTargetDependency */,
			);
			fileSystemSynchronizedGroups = (
				6D2665912E75383700955E42 /* eduTableTests */,
			);
			name = eduTableTests;
			packageProductDependencies = (
			);
			productName = eduTableTests;
			productReference = 6D26658E2E75383700955E42 /* eduTableTests.xctest */;
			productType = "com.apple.product-type.bundle.unit-test";
		};
		6D2665972E75383700955E42 /* eduTableUITests */ = {
			isa = PBXNativeTarget;
			buildConfigurationList = 6D2665A82E75383700955E42 /* Build configuration list for PBXNativeTarget "eduTableUITests" */;
			buildPhases = (
				6D2665942E75383700955E42 /* Sources */,
				6D2665952E75383700955E42 /* Frameworks */,
				6D2665962E75383700955E42 /* Resources */,
			);
			buildRules = (
			);
			dependencies = (
				6D26659A2E75383700955E42 /* PBXTargetDependency */,
			);
			fileSystemSynchronizedGroups = (
				6D26659B2E75383700955E42 /* eduTableUITests */,
			);
			name = eduTableUITests;
			packageProductDependencies = (
			);
			productName = eduTableUITests;
			productReference = 6D2665982E75383700955E42 /* eduTableUITests.xctest */;
			productType = "com.apple.product-type.bundle.ui-testing";
		};
/* End PBXNativeTarget section */

/* Begin PBXProject section */
		6D2665792E75383600955E42 /* Project object */ = {
			isa = PBXProject;
			attributes = {
				BuildIndependentTargetsInParallel = 1;
				LastSwiftUpdateCheck = 1640;
				LastUpgradeCheck = 1640;
				TargetAttributes = {
					6D2665802E75383600955E42 = {
						CreatedOnToolsVersion = 16.4;
					};
					6D26658D2E75383700955E42 = {
						CreatedOnToolsVersion = 16.4;
						TestTargetID = 6D2665802E75383600955E42;
					};
					6D2665972E75383700955E42 = {
						CreatedOnToolsVersion = 16.4;
						TestTargetID = 6D2665802E75383600955E42;
					};
				};
			};
			buildConfigurationList = 6D26657C2E75383600955E42 /* Build configuration list for PBXProject "eduTable" */;
			developmentRegion = en;
			hasScannedForEncodings = 0;
			knownRegions = (
				en,
				Base,
			);
			mainGroup = 6D2665782E75383600955E42;
			minimizedProjectReferenceProxies = 1;
			preferredProjectObjectVersion = 77;
			productRefGroup = 6D2665822E75383600955E42 /* Products */;
			projectDirPath = "";
			projectRoot = "";
			targets = (
				6D2665802E75383600955E42 /* eduTable */,
				6D26658D2E75383700955E42 /* eduTableTests */,
				6D2665972E75383700955E42 /* eduTableUITests */,
			);
		};
/* End PBXProject section */

/* Begin PBXResourcesBuildPhase section */
		6D26657F2E75383600955E42 /* Resources */ = {
			isa = PBXResourcesBuildPhase;
			buildActionMask = 2147483647;
			files = (
			);
			runOnlyForDeploymentPostprocessing = 0;
		};
		6D26658C2E75383700955E42 /* Resources */ = {
			isa = PBXResourcesBuildPhase;
			buildActionMask = 2147483647;
			files = (
			);
			runOnlyForDeploymentPostprocessing = 0;
		};
		6D2665962E75383700955E42 /* Resources */ = {
			isa = PBXResourcesBuildPhase;
			buildActionMask = 2147483647;
			files = (
			);
			runOnlyForDeploymentPostprocessing = 0;
		};
/* End PBXResourcesBuildPhase section */

/* Begin PBXSourcesBuildPhase section */
		6D26657D2E75383600955E42 /* Sources */ = {
			isa = PBXSourcesBuildPhase;
			buildActionMask = 2147483647;
			files = (
				6D2665AF2E7544A000955E42 /* TimetableView.swift in Sources */,
				6D2665B52E7556D400955E42 /* HomeView.swift in Sources */,
				6D2665B32E7544DD00955E42 /* AddClassView.swift in Sources */,
				6D2665AC2E753DF800955E42 /* DataModels.swift in Sources */,
				6D2665B72E75D52600955E42 /* ClassDataManager.swift in Sources */,
				6D2665B12E7544D300955E42 /* ClassItemView.swift in Sources */,
			);
			runOnlyForDeploymentPostprocessing = 0;
		};
		6D26658A2E75383700955E42 /* Sources */ = {
			isa = PBXSourcesBuildPhase;
			buildActionMask = 2147483647;
			files = (
			);
			runOnlyForDeploymentPostprocessing = 0;
		};
		6D2665942E75383700955E42 /* Sources */ = {
			isa = PBXSourcesBuildPhase;
			buildActionMask = 2147483647;
			files = (
			);
			runOnlyForDeploymentPostprocessing = 0;
		};
/* End PBXSourcesBuildPhase section */

/* Begin PBXTargetDependency section */
		6D2665902E75383700955E42 /* PBXTargetDependency */ = {
			isa = PBXTargetDependency;
			target = 6D2665802E75383600955E42 /* eduTable */;
			targetProxy = 6D26658F2E75383700955E42 /* PBXContainerItemProxy */;
		};
		6D26659A2E75383700955E42 /* PBXTargetDependency */ = {
			isa = PBXTargetDependency;
			target = 6D2665802E75383600955E42 /* eduTable */;
			targetProxy = 6D2665992E75383700955E42 /* PBXContainerItemProxy */;
		};
/* End PBXTargetDependency section */

/* Begin XCBuildConfiguration section */
		6D2665A02E75383700955E42 /* Debug */ = {
			isa = XCBuildConfiguration;
			buildSettings = {
				ALWAYS_SEARCH_USER_PATHS = NO;
				ASSETCATALOG_COMPILER_GENERATE_SWIFT_ASSET_SYMBOL_EXTENSIONS = YES;
				CLANG_ANALYZER_NONNULL = YES;
				CLANG_ANALYZER_NUMBER_OBJECT_CONVERSION = YES_AGGRESSIVE;
				CLANG_CXX_LANGUAGE_STANDARD = "gnu++20";
				CLANG_ENABLE_MODULES = YES;
				CLANG_ENABLE_OBJC_ARC = YES;
				CLANG_ENABLE_OBJC_WEAK = YES;
				CLANG_WARN_BLOCK_CAPTURE_AUTORELEASING = YES;
				CLANG_WARN_BOOL_CONVERSION = YES;
				CLANG_WARN_COMMA = YES;
				CLANG_WARN_CONSTANT_CONVERSION = YES;
				CLANG_WARN_DEPRECATED_OBJC_IMPLEMENTATIONS = YES;
				CLANG_WARN_DIRECT_OBJC_ISA_USAGE = YES_ERROR;
				CLANG_WARN_DOCUMENTATION_COMMENTS = YES;
				CLANG_WARN_EMPTY_BODY = YES;
				CLANG_WARN_ENUM_CONVERSION = YES;
				CLANG_WARN_INFINITE_RECURSION = YES;
				CLANG_WARN_INT_CONVERSION = YES;
				CLANG_WARN_NON_LITERAL_NULL_CONVERSION = YES;
				CLANG_WARN_OBJC_IMPLICIT_RETAIN_SELF = YES;
				CLANG_WARN_OBJC_LITERAL_CONVERSION = YES;
				CLANG_WARN_OBJC_ROOT_CLASS = YES_ERROR;
				CLANG_WARN_QUOTED_INCLUDE_IN_FRAMEWORK_HEADER = YES;
				CLANG_WARN_RANGE_LOOP_ANALYSIS = YES;
				CLANG_WARN_STRICT_PROTOTYPES = YES;
				CLANG_WARN_SUSPICIOUS_MOVE = YES;
				CLANG_WARN_UNGUARDED_AVAILABILITY = YES_AGGRESSIVE;
				CLANG_WARN_UNREACHABLE_CODE = YES;
				CLANG_WARN__DUPLICATE_METHOD_MATCH = YES;
				COPY_PHASE_STRIP = NO;
				DEBUG_INFORMATION_FORMAT = dwarf;
				ENABLE_STRICT_OBJC_MSGSEND = YES;
				ENABLE_TESTABILITY = YES;
				ENABLE_USER_SCRIPT_SANDBOXING = YES;
				GCC_C_LANGUAGE_STANDARD = gnu17;
				GCC_DYNAMIC_NO_PIC = NO;
				GCC_NO_COMMON_BLOCKS = YES;
				GCC_OPTIMIZATION_LEVEL = 0;
				GCC_PREPROCESSOR_DEFINITIONS = (
					"DEBUG=1",
					"$(inherited)",
				);
				GCC_WARN_64_TO_32_BIT_CONVERSION = YES;
				GCC_WARN_ABOUT_RETURN_TYPE = YES_ERROR;
				GCC_WARN_UNDECLARED_SELECTOR = YES;
				GCC_WARN_UNINITIALIZED_AUTOS = YES_AGGRESSIVE;
				GCC_WARN_UNUSED_FUNCTION = YES;
				GCC_WARN_UNUSED_VARIABLE = YES;
				IPHONEOS_DEPLOYMENT_TARGET = 18.5;
				LOCALIZATION_PREFERS_STRING_CATALOGS = YES;
				MTL_ENABLE_DEBUG_INFO = INCLUDE_SOURCE;
				MTL_FAST_MATH = YES;
				ONLY_ACTIVE_ARCH = YES;
				SDKROOT = iphoneos;
				SWIFT_ACTIVE_COMPILATION_CONDITIONS = "DEBUG $(inherited)";
				SWIFT_OPTIMIZATION_LEVEL = "-Onone";
			};
			name = Debug;
		};
		6D2665A12E75383700955E42 /* Release */ = {
			isa = XCBuildConfiguration;
			buildSettings = {
				ALWAYS_SEARCH_USER_PATHS = NO;
				ASSETCATALOG_COMPILER_GENERATE_SWIFT_ASSET_SYMBOL_EXTENSIONS = YES;
				CLANG_ANALYZER_NONNULL = YES;
				CLANG_ANALYZER_NUMBER_OBJECT_CONVERSION = YES_AGGRESSIVE;
				CLANG_CXX_LANGUAGE_STANDARD = "gnu++20";
				CLANG_ENABLE_MODULES = YES;
				CLANG_ENABLE_OBJC_ARC = YES;
				CLANG_ENABLE_OBJC_WEAK = YES;
				CLANG_WARN_BLOCK_CAPTURE_AUTORELEASING = YES;
				CLANG_WARN_BOOL_CONVERSION = YES;
				CLANG_WARN_COMMA = YES;
				CLANG_WARN_CONSTANT_CONVERSION = YES;
				CLANG_WARN_DEPRECATED_OBJC_IMPLEMENTATIONS = YES;
				CLANG_WARN_DIRECT_OBJC_ISA_USAGE = YES_ERROR;
				CLANG_WARN_DOCUMENTATION_COMMENTS = YES;
				CLANG_WARN_EMPTY_BODY = YES;
				CLANG_WARN_ENUM_CONVERSION = YES;
				CLANG_WARN_INFINITE_RECURSION = YES;
				CLANG_WARN_INT_CONVERSION = YES;
				CLANG_WARN_NON_LITERAL_NULL_CONVERSION = YES;
				CLANG_WARN_OBJC_IMPLICIT_RETAIN_SELF = YES;
				CLANG_WARN_OBJC_LITERAL_CONVERSION = YES;
				CLANG_WARN_OBJC_ROOT_CLASS = YES_ERROR;
				CLANG_WARN_QUOTED_INCLUDE_IN_FRAMEWORK_HEADER = YES;
				CLANG_WARN_RANGE_LOOP_ANALYSIS = YES;
				CLANG_WARN_STRICT_PROTOTYPES = YES;
				CLANG_WARN_SUSPICIOUS_MOVE = YES;
				CLANG_WARN_UNGUARDED_AVAILABILITY = YES_AGGRESSIVE;
				CLANG_WARN_UNREACHABLE_CODE = YES;
				CLANG_WARN__DUPLICATE_METHOD_MATCH = YES;
				COPY_PHASE_STRIP = NO;
				DEBUG_INFORMATION_FORMAT = "dwarf-with-dsym";
				ENABLE_NS_ASSERTIONS = NO;
				ENABLE_STRICT_OBJC_MSGSEND = YES;
				ENABLE_USER_SCRIPT_SANDBOXING = YES;
				GCC_C_LANGUAGE_STANDARD = gnu17;
				GCC_NO_COMMON_BLOCKS = YES;
				GCC_WARN_64_TO_32_BIT_CONVERSION = YES;
				GCC_WARN_ABOUT_RETURN_TYPE = YES_ERROR;
				GCC_WARN_UNDECLARED_SELECTOR = YES;
				GCC_WARN_UNINITIALIZED_AUTOS = YES_AGGRESSIVE;
				GCC_WARN_UNUSED_FUNCTION = YES;
				GCC_WARN_UNUSED_VARIABLE = YES;
				IPHONEOS_DEPLOYMENT_TARGET = 18.5;
				LOCALIZATION_PREFERS_STRING_CATALOGS = YES;
				MTL_ENABLE_DEBUG_INFO = NO;
				MTL_FAST_MATH = YES;
				SDKROOT = iphoneos;
				SWIFT_COMPILATION_MODE = wholemodule;
				VALIDATE_PRODUCT = YES;
			};
			name = Release;
		};
		6D2665A32E75383700955E42 /* Debug */ = {
			isa = XCBuildConfiguration;
			buildSettings = {
				ASSETCATALOG_COMPILER_APPICON_NAME = AppIcon;
				ASSETCATALOG_COMPILER_GLOBAL_ACCENT_COLOR_NAME = AccentColor;
				CODE_SIGN_STYLE = Automatic;
				CURRENT_PROJECT_VERSION = 1;
				ENABLE_PREVIEWS = YES;
				GENERATE_INFOPLIST_FILE = YES;
				INFOPLIST_KEY_UIApplicationSceneManifest_Generation = YES;
				INFOPLIST_KEY_UIApplicationSupportsIndirectInputEvents = YES;
				INFOPLIST_KEY_UILaunchScreen_Generation = YES;
				INFOPLIST_KEY_UISupportedInterfaceOrientations_iPad = "UIInterfaceOrientationPortrait UIInterfaceOrientationPortraitUpsideDown UIInterfaceOrientationLandscapeLeft UIInterfaceOrientationLandscapeRight";
				INFOPLIST_KEY_UISupportedInterfaceOrientations_iPhone = "UIInterfaceOrientationPortrait UIInterfaceOrientationLandscapeLeft UIInterfaceOrientationLandscapeRight";
				LD_RUNPATH_SEARCH_PATHS = (
					"$(inherited)",
					"@executable_path/Frameworks",
				);
				MARKETING_VERSION = 1.0;
				PRODUCT_BUNDLE_IDENTIFIER = jtam.eduTable;
				PRODUCT_NAME = "$(TARGET_NAME)";
				SWIFT_EMIT_LOC_STRINGS = YES;
				SWIFT_VERSION = 5.0;
				TARGETED_DEVICE_FAMILY = "1,2";
			};
			name = Debug;
		};
		6D2665A42E75383700955E42 /* Release */ = {
			isa = XCBuildConfiguration;
			buildSettings = {
				ASSETCATALOG_COMPILER_APPICON_NAME = AppIcon;
				ASSETCATALOG_COMPILER_GLOBAL_ACCENT_COLOR_NAME = AccentColor;
				CODE_SIGN_STYLE = Automatic;
				CURRENT_PROJECT_VERSION = 1;
				ENABLE_PREVIEWS = YES;
				GENERATE_INFOPLIST_FILE = YES;
				INFOPLIST_KEY_UIApplicationSceneManifest_Generation = YES;
				INFOPLIST_KEY_UIApplicationSupportsIndirectInputEvents = YES;
				INFOPLIST_KEY_UILaunchScreen_Generation = YES;
				INFOPLIST_KEY_UISupportedInterfaceOrientations_iPad = "UIInterfaceOrientationPortrait UIInterfaceOrientationPortraitUpsideDown UIInterfaceOrientationLandscapeLeft UIInterfaceOrientationLandscapeRight";
				INFOPLIST_KEY_UISupportedInterfaceOrientations_iPhone = "UIInterfaceOrientationPortrait UIInterfaceOrientationLandscapeLeft UIInterfaceOrientationLandscapeRight";
				LD_RUNPATH_SEARCH_PATHS = (
					"$(inherited)",
					"@executable_path/Frameworks",
				);
				MARKETING_VERSION = 1.0;
				PRODUCT_BUNDLE_IDENTIFIER = jtam.eduTable;
				PRODUCT_NAME = "$(TARGET_NAME)";
				SWIFT_EMIT_LOC_STRINGS = YES;
				SWIFT_VERSION = 5.0;
				TARGETED_DEVICE_FAMILY = "1,2";
			};
			name = Release;
		};
		6D2665A62E75383700955E42 /* Debug */ = {
			isa = XCBuildConfiguration;
			buildSettings = {
				BUNDLE_LOADER = "$(TEST_HOST)";
				CODE_SIGN_STYLE = Automatic;
				CURRENT_PROJECT_VERSION = 1;
				GENERATE_INFOPLIST_FILE = YES;
				IPHONEOS_DEPLOYMENT_TARGET = 18.5;
				MARKETING_VERSION = 1.0;
				PRODUCT_BUNDLE_IDENTIFIER = jtam.eduTableTests;
				PRODUCT_NAME = "$(TARGET_NAME)";
				SWIFT_EMIT_LOC_STRINGS = NO;
				SWIFT_VERSION = 5.0;
				TARGETED_DEVICE_FAMILY = "1,2";
				TEST_HOST = "$(BUILT_PRODUCTS_DIR)/eduTable.app/$(BUNDLE_EXECUTABLE_FOLDER_PATH)/eduTable";
			};
			name = Debug;
		};
		6D2665A72E75383700955E42 /* Release */ = {
			isa = XCBuildConfiguration;
			buildSettings = {
				BUNDLE_LOADER = "$(TEST_HOST)";
				CODE_SIGN_STYLE = Automatic;
				CURRENT_PROJECT_VERSION = 1;
				GENERATE_INFOPLIST_FILE = YES;
				IPHONEOS_DEPLOYMENT_TARGET = 18.5;
				MARKETING_VERSION = 1.0;
				PRODUCT_BUNDLE_IDENTIFIER = jtam.eduTableTests;
				PRODUCT_NAME = "$(TARGET_NAME)";
				SWIFT_EMIT_LOC_STRINGS = NO;
				SWIFT_VERSION = 5.0;
				TARGETED_DEVICE_FAMILY = "1,2";
				TEST_HOST = "$(BUILT_PRODUCTS_DIR)/eduTable.app/$(BUNDLE_EXECUTABLE_FOLDER_PATH)/eduTable";
			};
			name = Release;
		};
		6D2665A92E75383700955E42 /* Debug */ = {
			isa = XCBuildConfiguration;
			buildSettings = {
				CODE_SIGN_STYLE = Automatic;
				CURRENT_PROJECT_VERSION = 1;
				GENERATE_INFOPLIST_FILE = YES;
				MARKETING_VERSION = 1.0;
				PRODUCT_BUNDLE_IDENTIFIER = jtam.eduTableUITests;
				PRODUCT_NAME = "$(TARGET_NAME)";
				SWIFT_EMIT_LOC_STRINGS = NO;
				SWIFT_VERSION = 5.0;
				TARGETED_DEVICE_FAMILY = "1,2";
				TEST_TARGET_NAME = eduTable;
			};
			name = Debug;
		};
		6D2665AA2E75383700955E42 /* Release */ = {
			isa = XCBuildConfiguration;
			buildSettings = {
				CODE_SIGN_STYLE = Automatic;
				CURRENT_PROJECT_VERSION = 1;
				GENERATE_INFOPLIST_FILE = YES;
				MARKETING_VERSION = 1.0;
				PRODUCT_BUNDLE_IDENTIFIER = jtam.eduTableUITests;
				PRODUCT_NAME = "$(TARGET_NAME)";
				SWIFT_EMIT_LOC_STRINGS = NO;
				SWIFT_VERSION = 5.0;
				TARGETED_DEVICE_FAMILY = "1,2";
				TEST_TARGET_NAME = eduTable;
			};
			name = Release;
		};
/* End XCBuildConfiguration section */

/* Begin XCConfigurationList section */
		6D26657C2E75383600955E42 /* Build configuration list for PBXProject "eduTable" */ = {
			isa = XCConfigurationList;
			buildConfigurations = (
				6D2665A02E75383700955E42 /* Debug */,
				6D2665A12E75383700955E42 /* Release */,
			);
			defaultConfigurationIsVisible = 0;
			defaultConfigurationName = Release;
		};
		6D2665A22E75383700955E42 /* Build configuration list for PBXNativeTarget "eduTable" */ = {
			isa = XCConfigurationList;
			buildConfigurations = (
				6D2665A32E75383700955E42 /* Debug */,
				6D2665A42E75383700955E42 /* Release */,
			);
			defaultConfigurationIsVisible = 0;
			defaultConfigurationName = Release;
		};
		6D2665A52E75383700955E42 /* Build configuration list for PBXNativeTarget "eduTableTests" */ = {
			isa = XCConfigurationList;
			buildConfigurations = (
				6D2665A62E75383700955E42 /* Debug */,
				6D2665A72E75383700955E42 /* Release */,
			);
			defaultConfigurationIsVisible = 0;
			defaultConfigurationName = Release;
		};
		6D2665A82E75383700955E42 /* Build configuration list for PBXNativeTarget "eduTableUITests" */ = {
			isa = XCConfigurationList;
			buildConfigurations = (
				6D2665A92E75383700955E42 /* Debug */,
				6D2665AA2E75383700955E42 /* Release */,
			);
			defaultConfigurationIsVisible = 0;
			defaultConfigurationName = Release;
		};
/* End XCConfigurationList section */
	};
	rootObject = 6D2665792E75383600955E42 /* Project object */;
}
